
Microsoft Visual Studio Solution File, Format Version 12.00
# Visual Studio 15
VisualStudioVersion = 15.0.28010.2019
MinimumVisualStudioVersion = 10.0.40219.1
Project("{9A19103F-16F7-4668-BE54-9A1E7A4F7556}") = "SplitUp.Core", "SplitUp.Core\SplitUp.Core.csproj", "{539094D0-D379-42CD-B7C3-6AEA660A174D}"
EndProject
Project("{9A19103F-16F7-4668-BE54-9A1E7A4F7556}") = "SplitUp.Web", "SplitUp.Web\SplitUp.Web.csproj", "{D13B083A-AB3C-446B-A578-FA09B84E6FC8}"
EndProject
Project("{2150E333-8FDC-42A3-9474-1A3956D46DE8}") = "Solution Items", "Solution Items", "{F9FA4838-C339-410A-8934-CBFF3EC94C5F}"
	ProjectSection(SolutionItems) = preProject
		.gitignore = .gitignore
	EndProjectSection
EndProject
Global
	GlobalSection(SolutionConfigurationPlatforms) = preSolution
		Debug|Any CPU = Debug|Any CPU
		Release|Any CPU = Release|Any CPU
	EndGlobalSection
	GlobalSection(ProjectConfigurationPlatforms) = postSolution
		{539094D0-D379-42CD-B7C3-6AEA660A174D}.Debug|Any CPU.ActiveCfg = Debug|Any CPU
		{539094D0-D379-42CD-B7C3-6AEA660A174D}.Debug|Any CPU.Build.0 = Debug|Any CPU
		{539094D0-D379-42CD-B7C3-6AEA660A174D}.Release|Any CPU.ActiveCfg = Release|Any CPU
		{539094D0-D379-42CD-B7C3-6AEA660A174D}.Release|Any CPU.Build.0 = Release|Any CPU
		{D13B083A-AB3C-446B-A578-FA09B84E6FC8}.Debug|Any CPU.ActiveCfg = Debug|Any CPU
		{D13B083A-AB3C-446B-A578-FA09B84E6FC8}.Debug|Any CPU.Build.0 = Debug|Any CPU
		{D13B083A-AB3C-446B-A578-FA09B84E6FC8}.Release|Any CPU.ActiveCfg = Release|Any CPU
		{D13B083A-AB3C-446B-A578-FA09B84E6FC8}.Release|Any CPU.Build.0 = Release|Any CPU
	EndGlobalSection
	GlobalSection(SolutionProperties) = preSolution
		HideSolutionNode = FALSE
	EndGlobalSection
	GlobalSection(ExtensibilityGlobals) = postSolution
		SolutionGuid = {52D09D84-08BA-462F-8D2C-7A76DFB68999}
	EndGlobalSection
EndGlobal
